
Microsoft Visual Studio Solution File, Format Version 12.00
# Visual Studio 14
VisualStudioVersion = 14.0.23107.0
MinimumVisualStudioVersion = 10.0.40219.1
Project("{8BC9CEB8-8B4A-11D0-8D11-00A0C91BC942}") = "AircomMap", "AircomMap\AircomMap.vcxproj", "{7CDC6946-464F-4559-81BD-19EDF2272452}"
EndProject
Project("{8BC9CEB8-8B4A-11D0-8D11-00A0C91BC942}") = "UnitTests", "UnitTests\UnitTests.vcxproj", "{DDBF433A-92EF-4653-BFB0-16CE7858D388}"
EndProject
Global
	GlobalSection(SolutionConfigurationPlatforms) = preSolution
		Debug_LibOnly|Win32 = Debug_LibOnly|Win32
		Debug_LibOnly|x64 = Debug_LibOnly|x64
		Debug|Win32 = Debug|Win32
		Debug|x64 = Debug|x64
		Release_LibOnly|Win32 = Release_LibOnly|Win32
		Release_LibOnly|x64 = Release_LibOnly|x64
		Release|Win32 = Release|Win32
		Release|x64 = Release|x64
	EndGlobalSection
	GlobalSection(ProjectConfigurationPlatforms) = postSolution
		{7CDC6946-464F-4559-81BD-19EDF2272452}.Debug_LibOnly|Win32.ActiveCfg = Debug|Win32
		{7CDC6946-464F-4559-81BD-19EDF2272452}.Debug_LibOnly|Win32.Build.0 = Debug|Win32
		{7CDC6946-464F-4559-81BD-19EDF2272452}.Debug_LibOnly|x64.ActiveCfg = Debug|x64
		{7CDC6946-464F-4559-81BD-19EDF2272452}.Debug_LibOnly|x64.Build.0 = Debug|x64
		{7CDC6946-464F-4559-81BD-19EDF2272452}.Debug|Win32.ActiveCfg = Debug|Win32
		{7CDC6946-464F-4559-81BD-19EDF2272452}.Debug|Win32.Build.0 = Debug|Win32
		{7CDC6946-464F-4559-81BD-19EDF2272452}.Debug|x64.ActiveCfg = Debug|x64
		{7CDC6946-464F-4559-81BD-19EDF2272452}.Debug|x64.Build.0 = Debug|x64
		{7CDC6946-464F-4559-81BD-19EDF2272452}.Release_LibOnly|Win32.ActiveCfg = Release|Win32
		{7CDC6946-464F-4559-81BD-19EDF2272452}.Release_LibOnly|Win32.Build.0 = Release|Win32
		{7CDC6946-464F-4559-81BD-19EDF2272452}.Release_LibOnly|x64.ActiveCfg = Release|x64
		{7CDC6946-464F-4559-81BD-19EDF2272452}.Release_LibOnly|x64.Build.0 = Release|x64
		{7CDC6946-464F-4559-81BD-19EDF2272452}.Release|Win32.ActiveCfg = Release|Win32
		{7CDC6946-464F-4559-81BD-19EDF2272452}.Release|Win32.Build.0 = Release|Win32
		{7CDC6946-464F-4559-81BD-19EDF2272452}.Release|x64.ActiveCfg = Release|x64
		{7CDC6946-464F-4559-81BD-19EDF2272452}.Release|x64.Build.0 = Release|x64
		{DDBF433A-92EF-4653-BFB0-16CE7858D388}.Debug_LibOnly|Win32.ActiveCfg = Debug|Win32
		{DDBF433A-92EF-4653-BFB0-16CE7858D388}.Debug_LibOnly|x64.ActiveCfg = Debug|x64
		{DDBF433A-92EF-4653-BFB0-16CE7858D388}.Debug|Win32.ActiveCfg = Debug|Win32
		{DDBF433A-92EF-4653-BFB0-16CE7858D388}.Debug|Win32.Build.0 = Debug|Win32
		{DDBF433A-92EF-4653-BFB0-16CE7858D388}.Debug|x64.ActiveCfg = Debug|x64
		{DDBF433A-92EF-4653-BFB0-16CE7858D388}.Debug|x64.Build.0 = Debug|x64
		{DDBF433A-92EF-4653-BFB0-16CE7858D388}.Release_LibOnly|Win32.ActiveCfg = Release|Win32
		{DDBF433A-92EF-4653-BFB0-16CE7858D388}.Release_LibOnly|x64.ActiveCfg = Release|x64
		{DDBF433A-92EF-4653-BFB0-16CE7858D388}.Release|Win32.ActiveCfg = Release|Win32
		{DDBF433A-92EF-4653-BFB0-16CE7858D388}.Release|Win32.Build.0 = Release|Win32
		{DDBF433A-92EF-4653-BFB0-16CE7858D388}.Release|x64.ActiveCfg = Release|x64
		{DDBF433A-92EF-4653-BFB0-16CE7858D388}.Release|x64.Build.0 = Release|x64
	EndGlobalSection
	GlobalSection(SolutionProperties) = preSolution
		HideSolutionNode = FALSE
	EndGlobalSection
EndGlobal
